// !$*UTF8*$!
{
	archiveVersion = 1;
	classes = {
	};
	objectVersion = 56;
	objects = {

/* Begin PBXBuildFile section */
		0EFC2753298B338E003FE68F /* AppDelegate.swift in Sources */ = {isa = PBXBuildFile; fileRef = 0EFC2752298B338E003FE68F /* AppDelegate.swift */; };
		0EFC2755298B338E003FE68F /* SceneDelegate.swift in Sources */ = {isa = PBXBuildFile; fileRef = 0EFC2754298B338E003FE68F /* SceneDelegate.swift */; };
		0EFC2757298B338E003FE68F /* ViewController.swift in Sources */ = {isa = PBXBuildFile; fileRef = 0EFC2756298B338E003FE68F /* ViewController.swift */; };
		0EFC275A298B338E003FE68F /* Main.storyboard in Resources */ = {isa = PBXBuildFile; fileRef = 0EFC2758298B338E003FE68F /* Main.storyboard */; };
		0EFC275C298B3390003FE68F /* Assets.xcassets in Resources */ = {isa = PBXBuildFile; fileRef = 0EFC275B298B3390003FE68F /* Assets.xcassets */; };
		0EFC275F298B3390003FE68F /* LaunchScreen.storyboard in Resources */ = {isa = PBXBuildFile; fileRef = 0EFC275D298B3390003FE68F /* LaunchScreen.storyboard */; };
		0EFC276A298B3390003FE68F /* QR_Code_GeneratorTests.swift in Sources */ = {isa = PBXBuildFile; fileRef = 0EFC2769298B3390003FE68F /* QR_Code_GeneratorTests.swift */; };
		0EFC2774298B3390003FE68F /* QR_Code_GeneratorUITests.swift in Sources */ = {isa = PBXBuildFile; fileRef = 0EFC2773298B3390003FE68F /* QR_Code_GeneratorUITests.swift */; };
		0EFC2776298B3390003FE68F /* QR_Code_GeneratorUITestsLaunchTests.swift in Sources */ = {isa = PBXBuildFile; fileRef = 0EFC2775298B3390003FE68F /* QR_Code_GeneratorUITestsLaunchTests.swift */; };
/* End PBXBuildFile section */

/* Begin PBXContainerItemProxy section */
		0EFC2766298B3390003FE68F /* PBXContainerItemProxy */ = {
			isa = PBXContainerItemProxy;
			containerPortal = 0EFC2747298B338E003FE68F /* Project object */;
			proxyType = 1;
			remoteGlobalIDString = 0EFC274E298B338E003FE68F;
			remoteInfo = "QR Code Generator";
		};
		0EFC2770298B3390003FE68F /* PBXContainerItemProxy */ = {
			isa = PBXContainerItemProxy;
			containerPortal = 0EFC2747298B338E003FE68F /* Project object */;
			proxyType = 1;
			remoteGlobalIDString = 0EFC274E298B338E003FE68F;
			remoteInfo = "QR Code Generator";
		};
/* End PBXContainerItemProxy section */

/* Begin PBXFileReference section */
		0EFC274F298B338E003FE68F /* QR Code Generator.app */ = {isa = PBXFileReference; explicitFileType = wrapper.application; includeInIndex = 0; path = "QR Code Generator.app"; sourceTree = BUILT_PRODUCTS_DIR; };
		0EFC2752298B338E003FE68F /* AppDelegate.swift */ = {isa = PBXFileReference; lastKnownFileType = sourcecode.swift; path = AppDelegate.swift; sourceTree = "<group>"; };
		0EFC2754298B338E003FE68F /* SceneDelegate.swift */ = {isa = PBXFileReference; lastKnownFileType = sourcecode.swift; path = SceneDelegate.swift; sourceTree = "<group>"; };
		0EFC2756298B338E003FE68F /* ViewController.swift */ = {isa = PBXFileReference; lastKnownFileType = sourcecode.swift; path = ViewController.swift; sourceTree = "<group>"; };
		0EFC2759298B338E003FE68F /* Base */ = {isa = PBXFileReference; lastKnownFileType = file.storyboard; name = Base; path = Base.lproj/Main.storyboard; sourceTree = "<group>"; };
		0EFC275B298B3390003FE68F /* Assets.xcassets */ = {isa = PBXFileReference; lastKnownFileType = folder.assetcatalog; path = Assets.xcassets; sourceTree = "<group>"; };
		0EFC275E298B3390003FE68F /* Base */ = {isa = PBXFileReference; lastKnownFileType = file.storyboard; name = Base; path = Base.lproj/LaunchScreen.storyboard; sourceTree = "<group>"; };
		0EFC2760298B3390003FE68F /* Info.plist */ = {isa = PBXFileReference; lastKnownFileType = text.plist.xml; path = Info.plist; sourceTree = "<group>"; };
		0EFC2765298B3390003FE68F /* QR Code GeneratorTests.xctest */ = {isa = PBXFileReference; explicitFileType = wrapper.cfbundle; includeInIndex = 0; path = "QR Code GeneratorTests.xctest"; sourceTree = BUILT_PRODUCTS_DIR; };
		0EFC2769298B3390003FE68F /* QR_Code_GeneratorTests.swift */ = {isa = PBXFileReference; lastKnownFileType = sourcecode.swift; path = QR_Code_GeneratorTests.swift; sourceTree = "<group>"; };
		0EFC276F298B3390003FE68F /* QR Code GeneratorUITests.xctest */ = {isa = PBXFileReference; explicitFileType = wrapper.cfbundle; includeInIndex = 0; path = "QR Code GeneratorUITests.xctest"; sourceTree = BUILT_PRODUCTS_DIR; };
		0EFC2773298B3390003FE68F /* QR_Code_GeneratorUITests.swift */ = {isa = PBXFileReference; lastKnownFileType = sourcecode.swift; path = QR_Code_GeneratorUITests.swift; sourceTree = "<group>"; };
		0EFC2775298B3390003FE68F /* QR_Code_GeneratorUITestsLaunchTests.swift */ = {isa = PBXFileReference; lastKnownFileType = sourcecode.swift; path = QR_Code_GeneratorUITestsLaunchTests.swift; sourceTree = "<group>"; };
/* End PBXFileReference section */

/* Begin PBXFrameworksBuildPhase section */
		0EFC274C298B338E003FE68F /* Frameworks */ = {
			isa = PBXFrameworksBuildPhase;
			buildActionMask = 2147483647;
			files = (
			);
			runOnlyForDeploymentPostprocessing = 0;
		};
		0EFC2762298B3390003FE68F /* Frameworks */ = {
			isa = PBXFrameworksBuildPhase;
			buildActionMask = 2147483647;
			files = (
			);
			runOnlyForDeploymentPostprocessing = 0;
		};
		0EFC276C298B3390003FE68F /* Frameworks */ = {
			isa = PBXFrameworksBuildPhase;
			buildActionMask = 2147483647;
			files = (
			);
			runOnlyForDeploymentPostprocessing = 0;
		};
/* End PBXFrameworksBuildPhase section */

/* Begin PBXGroup section */
		0EFC2746298B338E003FE68F = {
			isa = PBXGroup;
			children = (
				0EFC2751298B338E003FE68F /* QR Code Generator */,
				0EFC2768298B3390003FE68F /* QR Code GeneratorTests */,
				0EFC2772298B3390003FE68F /* QR Code GeneratorUITests */,
				0EFC2750298B338E003FE68F /* Products */,
			);
			sourceTree = "<group>";
		};
		0EFC2750298B338E003FE68F /* Products */ = {
			isa = PBXGroup;
			children = (
				0EFC274F298B338E003FE68F /* QR Code Generator.app */,
				0EFC2765298B3390003FE68F /* QR Code GeneratorTests.xctest */,
				0EFC276F298B3390003FE68F /* QR Code GeneratorUITests.xctest */,
			);
			name = Products;
			sourceTree = "<group>";
		};
		0EFC2751298B338E003FE68F /* QR Code Generator */ = {
			isa = PBXGroup;
			children = (
				0EFC2752298B338E003FE68F /* AppDelegate.swift */,
				0EFC2754298B338E003FE68F /* SceneDelegate.swift */,
				0EFC2756298B338E003FE68F /* ViewController.swift */,
				0EFC2758298B338E003FE68F /* Main.storyboard */,
				0EFC275B298B3390003FE68F /* Assets.xcassets */,
				0EFC275D298B3390003FE68F /* LaunchScreen.storyboard */,
				0EFC2760298B3390003FE68F /* Info.plist */,
			);
			path = "QR Code Generator";
			sourceTree = "<group>";
		};
		0EFC2768298B3390003FE68F /* QR Code GeneratorTests */ = {
			isa = PBXGroup;
			children = (
				0EFC2769298B3390003FE68F /* QR_Code_GeneratorTests.swift */,
			);
			path = "QR Code GeneratorTests";
			sourceTree = "<group>";
		};
		0EFC2772298B3390003FE68F /* QR Code GeneratorUITests */ = {
			isa = PBXGroup;
			children = (
				0EFC2773298B3390003FE68F /* QR_Code_GeneratorUITests.swift */,
				0EFC2775298B3390003FE68F /* QR_Code_GeneratorUITestsLaunchTests.swift */,
			);
			path = "QR Code GeneratorUITests";
			sourceTree = "<group>";
		};
/* End PBXGroup section */

/* Begin PBXNativeTarget section */
		0EFC274E298B338E003FE68F /* QR Code Generator */ = {
			isa = PBXNativeTarget;
			buildConfigurationList = 0EFC2779298B3390003FE68F /* Build configuration list for PBXNativeTarget "QR Code Generator" */;
			buildPhases = (
				0EFC274B298B338E003FE68F /* Sources */,
				0EFC274C298B338E003FE68F /* Frameworks */,
				0EFC274D298B338E003FE68F /* Resources */,
			);
			buildRules = (
			);
			dependencies = (
			);
			name = "QR Code Generator";
			productName = "QR Code Generator";
			productReference = 0EFC274F298B338E003FE68F /* QR Code Generator.app */;
			productType = "com.apple.product-type.application";
		};
		0EFC2764298B3390003FE68F /* QR Code GeneratorTests */ = {
			isa = PBXNativeTarget;
			buildConfigurationList = 0EFC277C298B3390003FE68F /* Build configuration list for PBXNativeTarget "QR Code GeneratorTests" */;
			buildPhases = (
				0EFC2761298B3390003FE68F /* Sources */,
				0EFC2762298B3390003FE68F /* Frameworks */,
				0EFC2763298B3390003FE68F /* Resources */,
			);
			buildRules = (
			);
			dependencies = (
				0EFC2767298B3390003FE68F /* PBXTargetDependency */,
			);
			name = "QR Code GeneratorTests";
			productName = "QR Code GeneratorTests";
			productReference = 0EFC2765298B3390003FE68F /* QR Code GeneratorTests.xctest */;
			productType = "com.apple.product-type.bundle.unit-test";
		};
		0EFC276E298B3390003FE68F /* QR Code GeneratorUITests */ = {
			isa = PBXNativeTarget;
			buildConfigurationList = 0EFC277F298B3390003FE68F /* Build configuration list for PBXNativeTarget "QR Code GeneratorUITests" */;
			buildPhases = (
				0EFC276B298B3390003FE68F /* Sources */,
				0EFC276C298B3390003FE68F /* Frameworks */,
				0EFC276D298B3390003FE68F /* Resources */,
			);
			buildRules = (
			);
			dependencies = (
				0EFC2771298B3390003FE68F /* PBXTargetDependency */,
			);
			name = "QR Code GeneratorUITests";
			productName = "QR Code GeneratorUITests";
			productReference = 0EFC276F298B3390003FE68F /* QR Code GeneratorUITests.xctest */;
			productType = "com.apple.product-type.bundle.ui-testing";
		};
/* End PBXNativeTarget section */

/* Begin PBXProject section */
		0EFC2747298B338E003FE68F /* Project object */ = {
			isa = PBXProject;
			attributes = {
				BuildIndependentTargetsInParallel = 1;
				LastSwiftUpdateCheck = 1420;
				LastUpgradeCheck = 1420;
				TargetAttributes = {
					0EFC274E298B338E003FE68F = {
						CreatedOnToolsVersion = 14.2;
					};
					0EFC2764298B3390003FE68F = {
						CreatedOnToolsVersion = 14.2;
						TestTargetID = 0EFC274E298B338E003FE68F;
					};
					0EFC276E298B3390003FE68F = {
						CreatedOnToolsVersion = 14.2;
						TestTargetID = 0EFC274E298B338E003FE68F;
					};
				};
			};
			buildConfigurationList = 0EFC274A298B338E003FE68F /* Build configuration list for PBXProject "QR Code Generator" */;
			compatibilityVersion = "Xcode 14.0";
			developmentRegion = en;
			hasScannedForEncodings = 0;
			knownRegions = (
				en,
				Base,
			);
			mainGroup = 0EFC2746298B338E003FE68F;
			productRefGroup = 0EFC2750298B338E003FE68F /* Products */;
			projectDirPath = "";
			projectRoot = "";
			targets = (
				0EFC274E298B338E003FE68F /* QR Code Generator */,
				0EFC2764298B3390003FE68F /* QR Code GeneratorTests */,
				0EFC276E298B3390003FE68F /* QR Code GeneratorUITests */,
			);
		};
/* End PBXProject section */

/* Begin PBXResourcesBuildPhase section */
		0EFC274D298B338E003FE68F /* Resources */ = {
			isa = PBXResourcesBuildPhase;
			buildActionMask = 2147483647;
			files = (
				0EFC275F298B3390003FE68F /* LaunchScreen.storyboard in Resources */,
				0EFC275C298B3390003FE68F /* Assets.xcassets in Resources */,
				0EFC275A298B338E003FE68F /* Main.storyboard in Resources */,
			);
			runOnlyForDeploymentPostprocessing = 0;
		};
		0EFC2763298B3390003FE68F /* Resources */ = {
			isa = PBXResourcesBuildPhase;
			buildActionMask = 2147483647;
			files = (
			);
			runOnlyForDeploymentPostprocessing = 0;
		};
		0EFC276D298B3390003FE68F /* Resources */ = {
			isa = PBXResourcesBuildPhase;
			buildActionMask = 2147483647;
			files = (
			);
			runOnlyForDeploymentPostprocessing = 0;
		};
/* End PBXResourcesBuildPhase section */

/* Begin PBXSourcesBuildPhase section */
		0EFC274B298B338E003FE68F /* Sources */ = {
			isa = PBXSourcesBuildPhase;
			buildActionMask = 2147483647;
			files = (
				0EFC2757298B338E003FE68F /* ViewController.swift in Sources */,
				0EFC2753298B338E003FE68F /* AppDelegate.swift in Sources */,
				0EFC2755298B338E003FE68F /* SceneDelegate.swift in Sources */,
			);
			runOnlyForDeploymentPostprocessing = 0;
		};
		0EFC2761298B3390003FE68F /* Sources */ = {
			isa = PBXSourcesBuildPhase;
			buildActionMask = 2147483647;
			files = (
				0EFC276A298B3390003FE68F /* QR_Code_GeneratorTests.swift in Sources */,
			);
			runOnlyForDeploymentPostprocessing = 0;
		};
		0EFC276B298B3390003FE68F /* Sources */ = {
			isa = PBXSourcesBuildPhase;
			buildActionMask = 2147483647;
			files = (
				0EFC2776298B3390003FE68F /* QR_Code_GeneratorUITestsLaunchTests.swift in Sources */,
				0EFC2774298B3390003FE68F /* QR_Code_GeneratorUITests.swift in Sources */,
			);
			runOnlyForDeploymentPostprocessing = 0;
		};
/* End PBXSourcesBuildPhase section */

/* Begin PBXTargetDependency section */
		0EFC2767298B3390003FE68F /* PBXTargetDependency */ = {
			isa = PBXTargetDependency;
			target = 0EFC274E298B338E003FE68F /* QR Code Generator */;
			targetProxy = 0EFC2766298B3390003FE68F /* PBXContainerItemProxy */;
		};
		0EFC2771298B3390003FE68F /* PBXTargetDependency */ = {
			isa = PBXTargetDependency;
			target = 0EFC274E298B338E003FE68F /* QR Code Generator */;
			targetProxy = 0EFC2770298B3390003FE68F /* PBXContainerItemProxy */;
		};
/* End PBXTargetDependency section */

/* Begin PBXVariantGroup section */
		0EFC2758298B338E003FE68F /* Main.storyboard */ = {
			isa = PBXVariantGroup;
			children = (
				0EFC2759298B338E003FE68F /* Base */,
			);
			name = Main.storyboard;
			sourceTree = "<group>";
		};
		0EFC275D298B3390003FE68F /* LaunchScreen.storyboard */ = {
			isa = PBXVariantGroup;
			children = (
				0EFC275E298B3390003FE68F /* Base */,
			);
			name = LaunchScreen.storyboard;
			sourceTree = "<group>";
		};
/* End PBXVariantGroup section */

/* Begin XCBuildConfiguration section */
		0EFC2777298B3390003FE68F /* Debug */ = {
			isa = XCBuildConfiguration;
			buildSettings = {
				ALWAYS_SEARCH_USER_PATHS = NO;
				CLANG_ANALYZER_NONNULL = YES;
				CLANG_ANALYZER_NUMBER_OBJECT_CONVERSION = YES_AGGRESSIVE;
				CLANG_CXX_LANGUAGE_STANDARD = "gnu++20";
				CLANG_ENABLE_MODULES = YES;
				CLANG_ENABLE_OBJC_ARC = YES;
				CLANG_ENABLE_OBJC_WEAK = YES;
				CLANG_WARN_BLOCK_CAPTURE_AUTORELEASING = YES;
				CLANG_WARN_BOOL_CONVERSION = YES;
				CLANG_WARN_COMMA = YES;
				CLANG_WARN_CONSTANT_CONVERSION = YES;
				CLANG_WARN_DEPRECATED_OBJC_IMPLEMENTATIONS = YES;
				CLANG_WARN_DIRECT_OBJC_ISA_USAGE = YES_ERROR;
				CLANG_WARN_DOCUMENTATION_COMMENTS = YES;
				CLANG_WARN_EMPTY_BODY = YES;
				CLANG_WARN_ENUM_CONVERSION = YES;
				CLANG_WARN_INFINITE_RECURSION = YES;
				CLANG_WARN_INT_CONVERSION = YES;
				CLANG_WARN_NON_LITERAL_NULL_CONVERSION = YES;
				CLANG_WARN_OBJC_IMPLICIT_RETAIN_SELF = YES;
				CLANG_WARN_OBJC_LITERAL_CONVERSION = YES;
				CLANG_WARN_OBJC_ROOT_CLASS = YES_ERROR;
				CLANG_WARN_QUOTED_INCLUDE_IN_FRAMEWORK_HEADER = YES;
				CLANG_WARN_RANGE_LOOP_ANALYSIS = YES;
				CLANG_WARN_STRICT_PROTOTYPES = YES;
				CLANG_WARN_SUSPICIOUS_MOVE = YES;
				CLANG_WARN_UNGUARDED_AVAILABILITY = YES_AGGRESSIVE;
				CLANG_WARN_UNREACHABLE_CODE = YES;
				CLANG_WARN__DUPLICATE_METHOD_MATCH = YES;
				COPY_PHASE_STRIP = NO;
				DEBUG_INFORMATION_FORMAT = dwarf;
				ENABLE_STRICT_OBJC_MSGSEND = YES;
				ENABLE_TESTABILITY = YES;
				GCC_C_LANGUAGE_STANDARD = gnu11;
				GCC_DYNAMIC_NO_PIC = NO;
				GCC_NO_COMMON_BLOCKS = YES;
				GCC_OPTIMIZATION_LEVEL = 0;
				GCC_PREPROCESSOR_DEFINITIONS = (
					"DEBUG=1",
					"$(inherited)",
				);
				GCC_WARN_64_TO_32_BIT_CONVERSION = YES;
				GCC_WARN_ABOUT_RETURN_TYPE = YES_ERROR;
				GCC_WARN_UNDECLARED_SELECTOR = YES;
				GCC_WARN_UNINITIALIZED_AUTOS = YES_AGGRESSIVE;
				GCC_WARN_UNUSED_FUNCTION = YES;
				GCC_WARN_UNUSED_VARIABLE = YES;
				IPHONEOS_DEPLOYMENT_TARGET = 16.2;
				MTL_ENABLE_DEBUG_INFO = INCLUDE_SOURCE;
				MTL_FAST_MATH = YES;
				ONLY_ACTIVE_ARCH = YES;
				SDKROOT = iphoneos;
				SWIFT_ACTIVE_COMPILATION_CONDITIONS = DEBUG;
				SWIFT_OPTIMIZATION_LEVEL = "-Onone";
			};
			name = Debug;
		};
		0EFC2778298B3390003FE68F /* Release */ = {
			isa = XCBuildConfiguration;
			buildSettings = {
				ALWAYS_SEARCH_USER_PATHS = NO;
				CLANG_ANALYZER_NONNULL = YES;
				CLANG_ANALYZER_NUMBER_OBJECT_CONVERSION = YES_AGGRESSIVE;
				CLANG_CXX_LANGUAGE_STANDARD = "gnu++20";
				CLANG_ENABLE_MODULES = YES;
				CLANG_ENABLE_OBJC_ARC = YES;
				CLANG_ENABLE_OBJC_WEAK = YES;
				CLANG_WARN_BLOCK_CAPTURE_AUTORELEASING = YES;
				CLANG_WARN_BOOL_CONVERSION = YES;
				CLANG_WARN_COMMA = YES;
				CLANG_WARN_CONSTANT_CONVERSION = YES;
				CLANG_WARN_DEPRECATED_OBJC_IMPLEMENTATIONS = YES;
				CLANG_WARN_DIRECT_OBJC_ISA_USAGE = YES_ERROR;
				CLANG_WARN_DOCUMENTATION_COMMENTS = YES;
				CLANG_WARN_EMPTY_BODY = YES;
				CLANG_WARN_ENUM_CONVERSION = YES;
				CLANG_WARN_INFINITE_RECURSION = YES;
				CLANG_WARN_INT_CONVERSION = YES;
				CLANG_WARN_NON_LITERAL_NULL_CONVERSION = YES;
				CLANG_WARN_OBJC_IMPLICIT_RETAIN_SELF = YES;
				CLANG_WARN_OBJC_LITERAL_CONVERSION = YES;
				CLANG_WARN_OBJC_ROOT_CLASS = YES_ERROR;
				CLANG_WARN_QUOTED_INCLUDE_IN_FRAMEWORK_HEADER = YES;
				CLANG_WARN_RANGE_LOOP_ANALYSIS = YES;
				CLANG_WARN_STRICT_PROTOTYPES = YES;
				CLANG_WARN_SUSPICIOUS_MOVE = YES;
				CLANG_WARN_UNGUARDED_AVAILABILITY = YES_AGGRESSIVE;
				CLANG_WARN_UNREACHABLE_CODE = YES;
				CLANG_WARN__DUPLICATE_METHOD_MATCH = YES;
				COPY_PHASE_STRIP = NO;
				DEBUG_INFORMATION_FORMAT = "dwarf-with-dsym";
				ENABLE_NS_ASSERTIONS = NO;
				ENABLE_STRICT_OBJC_MSGSEND = YES;
				GCC_C_LANGUAGE_STANDARD = gnu11;
				GCC_NO_COMMON_BLOCKS = YES;
				GCC_WARN_64_TO_32_BIT_CONVERSION = YES;
				GCC_WARN_ABOUT_RETURN_TYPE = YES_ERROR;
				GCC_WARN_UNDECLARED_SELECTOR = YES;
				GCC_WARN_UNINITIALIZED_AUTOS = YES_AGGRESSIVE;
				GCC_WARN_UNUSED_FUNCTION = YES;
				GCC_WARN_UNUSED_VARIABLE = YES;
				IPHONEOS_DEPLOYMENT_TARGET = 16.2;
				MTL_ENABLE_DEBUG_INFO = NO;
				MTL_FAST_MATH = YES;
				SDKROOT = iphoneos;
				SWIFT_COMPILATION_MODE = wholemodule;
				SWIFT_OPTIMIZATION_LEVEL = "-O";
				VALIDATE_PRODUCT = YES;
			};
			name = Release;
		};
		0EFC277A298B3390003FE68F /* Debug */ = {
			isa = XCBuildConfiguration;
			buildSettings = {
				ASSETCATALOG_COMPILER_APPICON_NAME = AppIcon;
				ASSETCATALOG_COMPILER_GLOBAL_ACCENT_COLOR_NAME = AccentColor;
				CODE_SIGN_STYLE = Automatic;
				CURRENT_PROJECT_VERSION = 1;
				DEVELOPMENT_TEAM = 7636TT533A;
				GENERATE_INFOPLIST_FILE = YES;
				INFOPLIST_FILE = "QR Code Generator/Info.plist";
				INFOPLIST_KEY_UIApplicationSupportsIndirectInputEvents = YES;
				INFOPLIST_KEY_UILaunchStoryboardName = LaunchScreen;
				INFOPLIST_KEY_UIMainStoryboardFile = Main;
				INFOPLIST_KEY_UISupportedInterfaceOrientations = UIInterfaceOrientationPortrait;
				IPHONEOS_DEPLOYMENT_TARGET = 15.0;
				LD_RUNPATH_SEARCH_PATHS = (
					"$(inherited)",
					"@executable_path/Frameworks",
				);
				MARKETING_VERSION = 1.0;
				PRODUCT_BUNDLE_IDENTIFIER = "com.preetambeeravelli.QR-Code-Generator";
				PRODUCT_NAME = "$(TARGET_NAME)";
				SWIFT_EMIT_LOC_STRINGS = YES;
				SWIFT_VERSION = 5.0;
				TARGETED_DEVICE_FAMILY = "1,2";
			};
			name = Debug;
		};
		0EFC277B298B3390003FE68F /* Release */ = {
			isa = XCBuildConfiguration;
			buildSettings = {
				ASSETCATALOG_COMPILER_APPICON_NAME = AppIcon;
				ASSETCATALOG_COMPILER_GLOBAL_ACCENT_COLOR_NAME = AccentColor;
				CODE_SIGN_STYLE = Automatic;
				CURRENT_PROJECT_VERSION = 1;
				DEVELOPMENT_TEAM = 7636TT533A;
				GENERATE_INFOPLIST_FILE = YES;
				INFOPLIST_FILE = "QR Code Generator/Info.plist";
				INFOPLIST_KEY_UIApplicationSupportsIndirectInputEvents = YES;
				INFOPLIST_KEY_UILaunchStoryboardName = LaunchScreen;
				INFOPLIST_KEY_UIMainStoryboardFile = Main;
				INFOPLIST_KEY_UISupportedInterfaceOrientations = UIInterfaceOrientationPortrait;
				IPHONEOS_DEPLOYMENT_TARGET = 15.0;
				LD_RUNPATH_SEARCH_PATHS = (
					"$(inherited)",
					"@executable_path/Frameworks",
				);
				MARKETING_VERSION = 1.0;
				PRODUCT_BUNDLE_IDENTIFIER = "com.preetambeeravelli.QR-Code-Generator";
				PRODUCT_NAME = "$(TARGET_NAME)";
				SWIFT_EMIT_LOC_STRINGS = YES;
				SWIFT_VERSION = 5.0;
				TARGETED_DEVICE_FAMILY = "1,2";
			};
			name = Release;
		};
		0EFC277D298B3390003FE68F /* Debug */ = {
			isa = XCBuildConfiguration;
			buildSettings = {
				ALWAYS_EMBED_SWIFT_STANDARD_LIBRARIES = YES;
				BUNDLE_LOADER = "$(TEST_HOST)";
				CODE_SIGN_STYLE = Automatic;
				CURRENT_PROJECT_VERSION = 1;
				DEVELOPMENT_TEAM = 7636TT533A;
				GENERATE_INFOPLIST_FILE = YES;
				IPHONEOS_DEPLOYMENT_TARGET = 16.2;
				MARKETING_VERSION = 1.0;
				PRODUCT_BUNDLE_IDENTIFIER = "com.preetambeeravelli.QR-Code-GeneratorTests";
				PRODUCT_NAME = "$(TARGET_NAME)";
				SWIFT_EMIT_LOC_STRINGS = NO;
				SWIFT_VERSION = 5.0;
				TARGETED_DEVICE_FAMILY = "1,2";
				TEST_HOST = "$(BUILT_PRODUCTS_DIR)/QR Code Generator.app/$(BUNDLE_EXECUTABLE_FOLDER_PATH)/QR Code Generator";
			};
			name = Debug;
		};
		0EFC277E298B3390003FE68F /* Release */ = {
			isa = XCBuildConfiguration;
			buildSettings = {
				ALWAYS_EMBED_SWIFT_STANDARD_LIBRARIES = YES;
				BUNDLE_LOADER = "$(TEST_HOST)";
				CODE_SIGN_STYLE = Automatic;
				CURRENT_PROJECT_VERSION = 1;
				DEVELOPMENT_TEAM = 7636TT533A;
				GENERATE_INFOPLIST_FILE = YES;
				IPHONEOS_DEPLOYMENT_TARGET = 16.2;
				MARKETING_VERSION = 1.0;
				PRODUCT_BUNDLE_IDENTIFIER = "com.preetambeeravelli.QR-Code-GeneratorTests";
				PRODUCT_NAME = "$(TARGET_NAME)";
				SWIFT_EMIT_LOC_STRINGS = NO;
				SWIFT_VERSION = 5.0;
				TARGETED_DEVICE_FAMILY = "1,2";
				TEST_HOST = "$(BUILT_PRODUCTS_DIR)/QR Code Generator.app/$(BUNDLE_EXECUTABLE_FOLDER_PATH)/QR Code Generator";
			};
			name = Release;
		};
		0EFC2780298B3390003FE68F /* Debug */ = {
			isa = XCBuildConfiguration;
			buildSettings = {
				ALWAYS_EMBED_SWIFT_STANDARD_LIBRARIES = YES;
				CODE_SIGN_STYLE = Automatic;
				CURRENT_PROJECT_VERSION = 1;
				DEVELOPMENT_TEAM = 7636TT533A;
				GENERATE_INFOPLIST_FILE = YES;
				MARKETING_VERSION = 1.0;
				PRODUCT_BUNDLE_IDENTIFIER = "com.preetambeeravelli.QR-Code-GeneratorUITests";
				PRODUCT_NAME = "$(TARGET_NAME)";
				SWIFT_EMIT_LOC_STRINGS = NO;
				SWIFT_VERSION = 5.0;
				TARGETED_DEVICE_FAMILY = "1,2";
				TEST_TARGET_NAME = "QR Code Generator";
			};
			name = Debug;
		};
		0EFC2781298B3390003FE68F /* Release */ = {
			isa = XCBuildConfiguration;
			buildSettings = {
				ALWAYS_EMBED_SWIFT_STANDARD_LIBRARIES = YES;
				CODE_SIGN_STYLE = Automatic;
				CURRENT_PROJECT_VERSION = 1;
				DEVELOPMENT_TEAM = 7636TT533A;
				GENERATE_INFOPLIST_FILE = YES;
				MARKETING_VERSION = 1.0;
				PRODUCT_BUNDLE_IDENTIFIER = "com.preetambeeravelli.QR-Code-GeneratorUITests";
				PRODUCT_NAME = "$(TARGET_NAME)";
				SWIFT_EMIT_LOC_STRINGS = NO;
				SWIFT_VERSION = 5.0;
				TARGETED_DEVICE_FAMILY = "1,2";
				TEST_TARGET_NAME = "QR Code Generator";
			};
			name = Release;
		};
/* End XCBuildConfiguration section */

/* Begin XCConfigurationList section */
		0EFC274A298B338E003FE68F /* Build configuration list for PBXProject "QR Code Generator" */ = {
			isa = XCConfigurationList;
			buildConfigurations = (
				0EFC2777298B3390003FE68F /* Debug */,
				0EFC2778298B3390003FE68F /* Release */,
			);
			defaultConfigurationIsVisible = 0;
			defaultConfigurationName = Release;
		};
		0EFC2779298B3390003FE68F /* Build configuration list for PBXNativeTarget "QR Code Generator" */ = {
			isa = XCConfigurationList;
			buildConfigurations = (
				0EFC277A298B3390003FE68F /* Debug */,
				0EFC277B298B3390003FE68F /* Release */,
			);
			defaultConfigurationIsVisible = 0;
			defaultConfigurationName = Release;
		};
		0EFC277C298B3390003FE68F /* Build configuration list for PBXNativeTarget "QR Code GeneratorTests" */ = {
			isa = XCConfigurationList;
			buildConfigurations = (
				0EFC277D298B3390003FE68F /* Debug */,
				0EFC277E298B3390003FE68F /* Release */,
			);
			defaultConfigurationIsVisible = 0;
			defaultConfigurationName = Release;
		};
		0EFC277F298B3390003FE68F /* Build configuration list for PBXNativeTarget "QR Code GeneratorUITests" */ = {
			isa = XCConfigurationList;
			buildConfigurations = (
				0EFC2780298B3390003FE68F /* Debug */,
				0EFC2781298B3390003FE68F /* Release */,
			);
			defaultConfigurationIsVisible = 0;
			defaultConfigurationName = Release;
		};
/* End XCConfigurationList section */
	};
	rootObject = 0EFC2747298B338E003FE68F /* Project object */;
}
